
Microsoft Visual Studio Solution File, Format Version 12.00
# Visual Studio Version 17
VisualStudioVersion = 17.2.32616.157
MinimumVisualStudioVersion = 10.0.40219.1
Project("{9A19103F-16F7-4668-BE54-9A1E7A4F7556}") = "BrassTask.Api", "BrassTask.Api\BrassTask.Api.csproj", "{87D4D834-8D10-493D-92B7-FDB2A060BF19}"
EndProject
Project("{FAE04EC0-301F-11D3-BF4B-00C04F79EFBC}") = "BrassTask.Api.Tests", "BrassTask.Api.Tests\BrassTask.Api.Tests.csproj", "{A2E9F26A-8911-4E4D-A6E6-245D479273C7}"
EndProject
Global
	GlobalSection(SolutionConfigurationPlatforms) = preSolution
		Debug|Any CPU = Debug|Any CPU
		Release|Any CPU = Release|Any CPU
	EndGlobalSection
	GlobalSection(ProjectConfigurationPlatforms) = postSolution
		{87D4D834-8D10-493D-92B7-FDB2A060BF19}.Debug|Any CPU.ActiveCfg = Debug|Any CPU
		{87D4D834-8D10-493D-92B7-FDB2A060BF19}.Debug|Any CPU.Build.0 = Debug|Any CPU
		{87D4D834-8D10-493D-92B7-FDB2A060BF19}.Release|Any CPU.ActiveCfg = Release|Any CPU
		{87D4D834-8D10-493D-92B7-FDB2A060BF19}.Release|Any CPU.Build.0 = Release|Any CPU
		{A2E9F26A-8911-4E4D-A6E6-245D479273C7}.Debug|Any CPU.ActiveCfg = Debug|Any CPU
		{A2E9F26A-8911-4E4D-A6E6-245D479273C7}.Debug|Any CPU.Build.0 = Debug|Any CPU
		{A2E9F26A-8911-4E4D-A6E6-245D479273C7}.Release|Any CPU.ActiveCfg = Release|Any CPU
		{A2E9F26A-8911-4E4D-A6E6-245D479273C7}.Release|Any CPU.Build.0 = Release|Any CPU
	EndGlobalSection
	GlobalSection(SolutionProperties) = preSolution
		HideSolutionNode = FALSE
	EndGlobalSection
	GlobalSection(ExtensibilityGlobals) = postSolution
		SolutionGuid = {1D75F92A-5059-4640-82A2-D93AD358D5E8}
	EndGlobalSection
EndGlobal
